
Microsoft Visual Studio Solution File, Format Version 12.00
# Visual Studio 2012
Project("{8BC9CEB8-8B4A-11D0-8D11-00A0C91BC942}") = "library", "library\library.vcxproj", "{F17F0695-7613-4FEC-AF2B-03179B27A11D}"
EndProject
Project("{8BC9CEB8-8B4A-11D0-8D11-00A0C91BC942}") = "loader", "loader\loader.vcxproj", "{03DE5F61-9434-45B0-AF08-C8F8EFF8C495}"
EndProject
Global
	GlobalSection(SolutionConfigurationPlatforms) = preSolution
		Debug|Win32 = Debug|Win32
		Release|Win32 = Release|Win32
	EndGlobalSection
	GlobalSection(ProjectConfigurationPlatforms) = postSolution
		{F17F0695-7613-4FEC-AF2B-03179B27A11D}.Debug|Win32.ActiveCfg = Debug|Win32
		{F17F0695-7613-4FEC-AF2B-03179B27A11D}.Debug|Win32.Build.0 = Debug|Win32
		{F17F0695-7613-4FEC-AF2B-03179B27A11D}.Release|Win32.ActiveCfg = Release|Win32
		{F17F0695-7613-4FEC-AF2B-03179B27A11D}.Release|Win32.Build.0 = Release|Win32
		{03DE5F61-9434-45B0-AF08-C8F8EFF8C495}.Debug|Win32.ActiveCfg = Debug|Win32
		{03DE5F61-9434-45B0-AF08-C8F8EFF8C495}.Debug|Win32.Build.0 = Debug|Win32
		{03DE5F61-9434-45B0-AF08-C8F8EFF8C495}.Release|Win32.ActiveCfg = Release|Win32
		{03DE5F61-9434-45B0-AF08-C8F8EFF8C495}.Release|Win32.Build.0 = Release|Win32
	EndGlobalSection
	GlobalSection(SolutionProperties) = preSolution
		HideSolutionNode = FALSE
	EndGlobalSection
EndGlobal
